Microsoft Visual Studio Solution File, Format Version 12.00
# Visual Studio Version 17
VisualStudioVersion = 17.5.2.0
MinimumVisualStudioVersion = 10.0.40219.1
Project("{FAE04EC0-301F-11D3-BF4B-00C04F79EFBC}") = "Smidr.Api", "Smidr.Api.csproj", "{80FF93B3-D3B0-3494-2DD2-AFFF1A7D29AA}"
EndProject
Global
	GlobalSection(SolutionConfigurationPlatforms) = preSolution
		Debug|Any CPU = Debug|Any CPU
		Release|Any CPU = Release|Any CPU
	EndGlobalSection
	GlobalSection(ProjectConfigurationPlatforms) = postSolution
		{80FF93B3-D3B0-3494-2DD2-AFFF1A7D29AA}.Debug|Any CPU.ActiveCfg = Debug|Any CPU
		{80FF93B3-D3B0-3494-2DD2-AFFF1A7D29AA}.Debug|Any CPU.Build.0 = Debug|Any CPU
		{80FF93B3-D3B0-3494-2DD2-AFFF1A7D29AA}.Release|Any CPU.ActiveCfg = Release|Any CPU
		{80FF93B3-D3B0-3494-2DD2-AFFF1A7D29AA}.Release|Any CPU.Build.0 = Release|Any CPU
	EndGlobalSection
	GlobalSection(SolutionProperties) = preSolution
		HideSolutionNode = FALSE
	EndGlobalSection
	GlobalSection(ExtensibilityGlobals) = postSolution
		SolutionGuid = {25CC67EA-9869-45C7-B7BD-43D6465965B9}
	EndGlobalSection
EndGlobal
